// !$*UTF8*$!
{
	archiveVersion = 1;
	classes = {
	};
	objectVersion = 56;
	objects = {

/* Begin PBXBuildFile section */
		71B97BB228FD6D27006AFD1F /* CNQuotesSwiftUIApp.swift in Sources */ = {isa = PBXBuildFile; fileRef = 71B97BB128FD6D27006AFD1F /* CNQuotesSwiftUIApp.swift */; };
		71B97BB428FD6D27006AFD1F /* ContentView.swift in Sources */ = {isa = PBXBuildFile; fileRef = 71B97BB328FD6D27006AFD1F /* ContentView.swift */; };
		71B97BB628FD6D28006AFD1F /* Assets.xcassets in Resources */ = {isa = PBXBuildFile; fileRef = 71B97BB528FD6D28006AFD1F /* Assets.xcassets */; };
		71B97BB928FD6D28006AFD1F /* Preview Assets.xcassets in Resources */ = {isa = PBXBuildFile; fileRef = 71B97BB828FD6D28006AFD1F /* Preview Assets.xcassets */; };
		71B97BC028FD6FEC006AFD1F /* QuoteData.swift in Sources */ = {isa = PBXBuildFile; fileRef = 71B97BBF28FD6FEC006AFD1F /* QuoteData.swift */; };
		71B97BC228FD7094006AFD1F /* QuoteViewModel.swift in Sources */ = {isa = PBXBuildFile; fileRef = 71B97BC128FD7094006AFD1F /* QuoteViewModel.swift */; };
		71B97BC528FD719F006AFD1F /* Alamofire in Frameworks */ = {isa = PBXBuildFile; productRef = 71B97BC428FD719F006AFD1F /* Alamofire */; };
/* End PBXBuildFile section */

/* Begin PBXFileReference section */
		7176BDA028FD86010009B642 /* Info.plist */ = {isa = PBXFileReference; lastKnownFileType = text.plist; path = Info.plist; sourceTree = "<group>"; };
		71B97BAE28FD6D27006AFD1F /* CNQuotesSwiftUI.app */ = {isa = PBXFileReference; explicitFileType = wrapper.application; includeInIndex = 0; path = CNQuotesSwiftUI.app; sourceTree = BUILT_PRODUCTS_DIR; };
		71B97BB128FD6D27006AFD1F /* CNQuotesSwiftUIApp.swift */ = {isa = PBXFileReference; lastKnownFileType = sourcecode.swift; path = CNQuotesSwiftUIApp.swift; sourceTree = "<group>"; };
		71B97BB328FD6D27006AFD1F /* ContentView.swift */ = {isa = PBXFileReference; lastKnownFileType = sourcecode.swift; path = ContentView.swift; sourceTree = "<group>"; };
		71B97BB528FD6D28006AFD1F /* Assets.xcassets */ = {isa = PBXFileReference; lastKnownFileType = folder.assetcatalog; path = Assets.xcassets; sourceTree = "<group>"; };
		71B97BB828FD6D28006AFD1F /* Preview Assets.xcassets */ = {isa = PBXFileReference; lastKnownFileType = folder.assetcatalog; path = "Preview Assets.xcassets"; sourceTree = "<group>"; };
		71B97BBF28FD6FEC006AFD1F /* QuoteData.swift */ = {isa = PBXFileReference; lastKnownFileType = sourcecode.swift; path = QuoteData.swift; sourceTree = "<group>"; };
		71B97BC128FD7094006AFD1F /* QuoteViewModel.swift */ = {isa = PBXFileReference; lastKnownFileType = sourcecode.swift; path = QuoteViewModel.swift; sourceTree = "<group>"; };
/* End PBXFileReference section */

/* Begin PBXFrameworksBuildPhase section */
		71B97BAB28FD6D27006AFD1F /* Frameworks */ = {
			isa = PBXFrameworksBuildPhase;
			buildActionMask = 2147483647;
			files = (
				71B97BC528FD719F006AFD1F /* Alamofire in Frameworks */,
			);
			runOnlyForDeploymentPostprocessing = 0;
		};
/* End PBXFrameworksBuildPhase section */

/* Begin PBXGroup section */
		71B97BA528FD6D27006AFD1F = {
			isa = PBXGroup;
			children = (
				71B97BB028FD6D27006AFD1F /* CNQuotesSwiftUI */,
				71B97BAF28FD6D27006AFD1F /* Products */,
			);
			sourceTree = "<group>";
		};
		71B97BAF28FD6D27006AFD1F /* Products */ = {
			isa = PBXGroup;
			children = (
				71B97BAE28FD6D27006AFD1F /* CNQuotesSwiftUI.app */,
			);
			name = Products;
			sourceTree = "<group>";
		};
		71B97BB028FD6D27006AFD1F /* CNQuotesSwiftUI */ = {
			isa = PBXGroup;
			children = (
				7176BDA028FD86010009B642 /* Info.plist */,
				71B97BC828FD71CD006AFD1F /* ViewModel */,
				71B97BC728FD71C2006AFD1F /* Model */,
				71B97BC628FD71B6006AFD1F /* View */,
				71B97BB128FD6D27006AFD1F /* CNQuotesSwiftUIApp.swift */,
				71B97BB528FD6D28006AFD1F /* Assets.xcassets */,
				71B97BB728FD6D28006AFD1F /* Preview Content */,
			);
			path = CNQuotesSwiftUI;
			sourceTree = "<group>";
		};
		71B97BB728FD6D28006AFD1F /* Preview Content */ = {
			isa = PBXGroup;
			children = (
				71B97BB828FD6D28006AFD1F /* Preview Assets.xcassets */,
			);
			path = "Preview Content";
			sourceTree = "<group>";
		};
		71B97BC628FD71B6006AFD1F /* View */ = {
			isa = PBXGroup;
			children = (
				71B97BB328FD6D27006AFD1F /* ContentView.swift */,
			);
			path = View;
			sourceTree = "<group>";
		};
		71B97BC728FD71C2006AFD1F /* Model */ = {
			isa = PBXGroup;
			children = (
				71B97BBF28FD6FEC006AFD1F /* QuoteData.swift */,
			);
			path = Model;
			sourceTree = "<group>";
		};
		71B97BC828FD71CD006AFD1F /* ViewModel */ = {
			isa = PBXGroup;
			children = (
				71B97BC128FD7094006AFD1F /* QuoteViewModel.swift */,
			);
			path = ViewModel;
			sourceTree = "<group>";
		};
/* End PBXGroup section */

/* Begin PBXNativeTarget section */
		71B97BAD28FD6D27006AFD1F /* CNQuotesSwiftUI */ = {
			isa = PBXNativeTarget;
			buildConfigurationList = 71B97BBC28FD6D28006AFD1F /* Build configuration list for PBXNativeTarget "CNQuotesSwiftUI" */;
			buildPhases = (
				71B97BAA28FD6D27006AFD1F /* Sources */,
				71B97BAB28FD6D27006AFD1F /* Frameworks */,
				71B97BAC28FD6D27006AFD1F /* Resources */,
			);
			buildRules = (
			);
			dependencies = (
			);
			name = CNQuotesSwiftUI;
			packageProductDependencies = (
				71B97BC428FD719F006AFD1F /* Alamofire */,
			);
			productName = CNQuotesSwiftUI;
			productReference = 71B97BAE28FD6D27006AFD1F /* CNQuotesSwiftUI.app */;
			productType = "com.apple.product-type.application";
		};
/* End PBXNativeTarget section */

/* Begin PBXProject section */
		71B97BA628FD6D27006AFD1F /* Project object */ = {
			isa = PBXProject;
			attributes = {
				BuildIndependentTargetsInParallel = 1;
				LastSwiftUpdateCheck = 1400;
				LastUpgradeCheck = 1400;
				TargetAttributes = {
					71B97BAD28FD6D27006AFD1F = {
						CreatedOnToolsVersion = 14.0.1;
					};
				};
			};
			buildConfigurationList = 71B97BA928FD6D27006AFD1F /* Build configuration list for PBXProject "CNQuotesSwiftUI" */;
			compatibilityVersion = "Xcode 14.0";
			developmentRegion = en;
			hasScannedForEncodings = 0;
			knownRegions = (
				en,
				Base,
			);
			mainGroup = 71B97BA528FD6D27006AFD1F;
			packageReferences = (
				71B97BC328FD719F006AFD1F /* XCRemoteSwiftPackageReference "Alamofire" */,
			);
			productRefGroup = 71B97BAF28FD6D27006AFD1F /* Products */;
			projectDirPath = "";
			projectRoot = "";
			targets = (
				71B97BAD28FD6D27006AFD1F /* CNQuotesSwiftUI */,
			);
		};
/* End PBXProject section */

/* Begin PBXResourcesBuildPhase section */
		71B97BAC28FD6D27006AFD1F /* Resources */ = {
			isa = PBXResourcesBuildPhase;
			buildActionMask = 2147483647;
			files = (
				71B97BB928FD6D28006AFD1F /* Preview Assets.xcassets in Resources */,
				71B97BB628FD6D28006AFD1F /* Assets.xcassets in Resources */,
			);
			runOnlyForDeploymentPostprocessing = 0;
		};
/* End PBXResourcesBuildPhase section */

/* Begin PBXSourcesBuildPhase section */
		71B97BAA28FD6D27006AFD1F /* Sources */ = {
			isa = PBXSourcesBuildPhase;
			buildActionMask = 2147483647;
			files = (
				71B97BC028FD6FEC006AFD1F /* QuoteData.swift in Sources */,
				71B97BC228FD7094006AFD1F /* QuoteViewModel.swift in Sources */,
				71B97BB428FD6D27006AFD1F /* ContentView.swift in Sources */,
				71B97BB228FD6D27006AFD1F /* CNQuotesSwiftUIApp.swift in Sources */,
			);
			runOnlyForDeploymentPostprocessing = 0;
		};
/* End PBXSourcesBuildPhase section */

/* Begin XCBuildConfiguration section */
		71B97BBA28FD6D28006AFD1F /* Debug */ = {
			isa = XCBuildConfiguration;
			buildSettings = {
				ALWAYS_SEARCH_USER_PATHS = NO;
				CLANG_ANALYZER_NONNULL = YES;
				CLANG_ANALYZER_NUMBER_OBJECT_CONVERSION = YES_AGGRESSIVE;
				CLANG_CXX_LANGUAGE_STANDARD = "gnu++20";
				CLANG_ENABLE_MODULES = YES;
				CLANG_ENABLE_OBJC_ARC = YES;
				CLANG_ENABLE_OBJC_WEAK = YES;
				CLANG_WARN_BLOCK_CAPTURE_AUTORELEASING = YES;
				CLANG_WARN_BOOL_CONVERSION = YES;
				CLANG_WARN_COMMA = YES;
				CLANG_WARN_CONSTANT_CONVERSION = YES;
				CLANG_WARN_DEPRECATED_OBJC_IMPLEMENTATIONS = YES;
				CLANG_WARN_DIRECT_OBJC_ISA_USAGE = YES_ERROR;
				CLANG_WARN_DOCUMENTATION_COMMENTS = YES;
				CLANG_WARN_EMPTY_BODY = YES;
				CLANG_WARN_ENUM_CONVERSION = YES;
				CLANG_WARN_INFINITE_RECURSION = YES;
				CLANG_WARN_INT_CONVERSION = YES;
				CLANG_WARN_NON_LITERAL_NULL_CONVERSION = YES;
				CLANG_WARN_OBJC_IMPLICIT_RETAIN_SELF = YES;
				CLANG_WARN_OBJC_LITERAL_CONVERSION = YES;
				CLANG_WARN_OBJC_ROOT_CLASS = YES_ERROR;
				CLANG_WARN_QUOTED_INCLUDE_IN_FRAMEWORK_HEADER = YES;
				CLANG_WARN_RANGE_LOOP_ANALYSIS = YES;
				CLANG_WARN_STRICT_PROTOTYPES = YES;
				CLANG_WARN_SUSPICIOUS_MOVE = YES;
				CLANG_WARN_UNGUARDED_AVAILABILITY = YES_AGGRESSIVE;
				CLANG_WARN_UNREACHABLE_CODE = YES;
				CLANG_WARN__DUPLICATE_METHOD_MATCH = YES;
				COPY_PHASE_STRIP = NO;
				DEBUG_INFORMATION_FORMAT = dwarf;
				ENABLE_STRICT_OBJC_MSGSEND = YES;
				ENABLE_TESTABILITY = YES;
				GCC_C_LANGUAGE_STANDARD = gnu11;
				GCC_DYNAMIC_NO_PIC = NO;
				GCC_NO_COMMON_BLOCKS = YES;
				GCC_OPTIMIZATION_LEVEL = 0;
				GCC_PREPROCESSOR_DEFINITIONS = (
					"DEBUG=1",
					"$(inherited)",
				);
				GCC_WARN_64_TO_32_BIT_CONVERSION = YES;
				GCC_WARN_ABOUT_RETURN_TYPE = YES_ERROR;
				GCC_WARN_UNDECLARED_SELECTOR = YES;
				GCC_WARN_UNINITIALIZED_AUTOS = YES_AGGRESSIVE;
				GCC_WARN_UNUSED_FUNCTION = YES;
				GCC_WARN_UNUSED_VARIABLE = YES;
				IPHONEOS_DEPLOYMENT_TARGET = 16.0;
				MTL_ENABLE_DEBUG_INFO = INCLUDE_SOURCE;
				MTL_FAST_MATH = YES;
				ONLY_ACTIVE_ARCH = YES;
				SDKROOT = iphoneos;
				SWIFT_ACTIVE_COMPILATION_CONDITIONS = DEBUG;
				SWIFT_OPTIMIZATION_LEVEL = "-Onone";
			};
			name = Debug;
		};
		71B97BBB28FD6D28006AFD1F /* Release */ = {
			isa = XCBuildConfiguration;
			buildSettings = {
				ALWAYS_SEARCH_USER_PATHS = NO;
				CLANG_ANALYZER_NONNULL = YES;
				CLANG_ANALYZER_NUMBER_OBJECT_CONVERSION = YES_AGGRESSIVE;
				CLANG_CXX_LANGUAGE_STANDARD = "gnu++20";
				CLANG_ENABLE_MODULES = YES;
				CLANG_ENABLE_OBJC_ARC = YES;
				CLANG_ENABLE_OBJC_WEAK = YES;
				CLANG_WARN_BLOCK_CAPTURE_AUTORELEASING = YES;
				CLANG_WARN_BOOL_CONVERSION = YES;
				CLANG_WARN_COMMA = YES;
				CLANG_WARN_CONSTANT_CONVERSION = YES;
				CLANG_WARN_DEPRECATED_OBJC_IMPLEMENTATIONS = YES;
				CLANG_WARN_DIRECT_OBJC_ISA_USAGE = YES_ERROR;
				CLANG_WARN_DOCUMENTATION_COMMENTS = YES;
				CLANG_WARN_EMPTY_BODY = YES;
				CLANG_WARN_ENUM_CONVERSION = YES;
				CLANG_WARN_INFINITE_RECURSION = YES;
				CLANG_WARN_INT_CONVERSION = YES;
				CLANG_WARN_NON_LITERAL_NULL_CONVERSION = YES;
				CLANG_WARN_OBJC_IMPLICIT_RETAIN_SELF = YES;
				CLANG_WARN_OBJC_LITERAL_CONVERSION = YES;
				CLANG_WARN_OBJC_ROOT_CLASS = YES_ERROR;
				CLANG_WARN_QUOTED_INCLUDE_IN_FRAMEWORK_HEADER = YES;
				CLANG_WARN_RANGE_LOOP_ANALYSIS = YES;
				CLANG_WARN_STRICT_PROTOTYPES = YES;
				CLANG_WARN_SUSPICIOUS_MOVE = YES;
				CLANG_WARN_UNGUARDED_AVAILABILITY = YES_AGGRESSIVE;
				CLANG_WARN_UNREACHABLE_CODE = YES;
				CLANG_WARN__DUPLICATE_METHOD_MATCH = YES;
				COPY_PHASE_STRIP = NO;
				DEBUG_INFORMATION_FORMAT = "dwarf-with-dsym";
				ENABLE_NS_ASSERTIONS = NO;
				ENABLE_STRICT_OBJC_MSGSEND = YES;
				GCC_C_LANGUAGE_STANDARD = gnu11;
				GCC_NO_COMMON_BLOCKS = YES;
				GCC_WARN_64_TO_32_BIT_CONVERSION = YES;
				GCC_WARN_ABOUT_RETURN_TYPE = YES_ERROR;
				GCC_WARN_UNDECLARED_SELECTOR = YES;
				GCC_WARN_UNINITIALIZED_AUTOS = YES_AGGRESSIVE;
				GCC_WARN_UNUSED_FUNCTION = YES;
				GCC_WARN_UNUSED_VARIABLE = YES;
				IPHONEOS_DEPLOYMENT_TARGET = 16.0;
				MTL_ENABLE_DEBUG_INFO = NO;
				MTL_FAST_MATH = YES;
				SDKROOT = iphoneos;
				SWIFT_COMPILATION_MODE = wholemodule;
				SWIFT_OPTIMIZATION_LEVEL = "-O";
				VALIDATE_PRODUCT = YES;
			};
			name = Release;
		};
		71B97BBD28FD6D28006AFD1F /* Debug */ = {
			isa = XCBuildConfiguration;
			buildSettings = {
				ASSETCATALOG_COMPILER_APPICON_NAME = AppIcon;
				ASSETCATALOG_COMPILER_GLOBAL_ACCENT_COLOR_NAME = AccentColor;
				CODE_SIGN_STYLE = Automatic;
				CURRENT_PROJECT_VERSION = 1;
				DEVELOPMENT_ASSET_PATHS = "\"CNQuotesSwiftUI/Preview Content\"";
				DEVELOPMENT_TEAM = R4U22JU8U3;
				ENABLE_PREVIEWS = YES;
				GENERATE_INFOPLIST_FILE = YES;
				INFOPLIST_FILE = CNQuotesSwiftUI/Info.plist;
				INFOPLIST_KEY_UIApplicationSceneManifest_Generation = YES;
				INFOPLIST_KEY_UIApplicationSupportsIndirectInputEvents = YES;
				INFOPLIST_KEY_UILaunchScreen_Generation = YES;
				INFOPLIST_KEY_UISupportedInterfaceOrientations_iPad = "UIInterfaceOrientationPortrait UIInterfaceOrientationPortraitUpsideDown UIInterfaceOrientationLandscapeLeft UIInterfaceOrientationLandscapeRight";
				INFOPLIST_KEY_UISupportedInterfaceOrientations_iPhone = "UIInterfaceOrientationPortrait UIInterfaceOrientationLandscapeLeft UIInterfaceOrientationLandscapeRight";
				LD_RUNPATH_SEARCH_PATHS = (
					"$(inherited)",
					"@executable_path/Frameworks",
				);
				MARKETING_VERSION = 1.0;
				PRODUCT_BUNDLE_IDENTIFIER = com.dejkoveci.CNQuotesSwiftUI;
				PRODUCT_NAME = "$(TARGET_NAME)";
				SWIFT_EMIT_LOC_STRINGS = YES;
				SWIFT_VERSION = 5.0;
				TARGETED_DEVICE_FAMILY = "1,2";
			};
			name = Debug;
		};
		71B97BBE28FD6D28006AFD1F /* Release */ = {
			isa = XCBuildConfiguration;
			buildSettings = {
				ASSETCATALOG_COMPILER_APPICON_NAME = AppIcon;
				ASSETCATALOG_COMPILER_GLOBAL_ACCENT_COLOR_NAME = AccentColor;
				CODE_SIGN_STYLE = Automatic;
				CURRENT_PROJECT_VERSION = 1;
				DEVELOPMENT_ASSET_PATHS = "\"CNQuotesSwiftUI/Preview Content\"";
				DEVELOPMENT_TEAM = R4U22JU8U3;
				ENABLE_PREVIEWS = YES;
				GENERATE_INFOPLIST_FILE = YES;
				INFOPLIST_FILE = CNQuotesSwiftUI/Info.plist;
				INFOPLIST_KEY_UIApplicationSceneManifest_Generation = YES;
				INFOPLIST_KEY_UIApplicationSupportsIndirectInputEvents = YES;
				INFOPLIST_KEY_UILaunchScreen_Generation = YES;
				INFOPLIST_KEY_UISupportedInterfaceOrientations_iPad = "UIInterfaceOrientationPortrait UIInterfaceOrientationPortraitUpsideDown UIInterfaceOrientationLandscapeLeft UIInterfaceOrientationLandscapeRight";
				INFOPLIST_KEY_UISupportedInterfaceOrientations_iPhone = "UIInterfaceOrientationPortrait UIInterfaceOrientationLandscapeLeft UIInterfaceOrientationLandscapeRight";
				LD_RUNPATH_SEARCH_PATHS = (
					"$(inherited)",
					"@executable_path/Frameworks",
				);
				MARKETING_VERSION = 1.0;
				PRODUCT_BUNDLE_IDENTIFIER = com.dejkoveci.CNQuotesSwiftUI;
				PRODUCT_NAME = "$(TARGET_NAME)";
				SWIFT_EMIT_LOC_STRINGS = YES;
				SWIFT_VERSION = 5.0;
				TARGETED_DEVICE_FAMILY = "1,2";
			};
			name = Release;
		};
/* End XCBuildConfiguration section */

/* Begin XCConfigurationList section */
		71B97BA928FD6D27006AFD1F /* Build configuration list for PBXProject "CNQuotesSwiftUI" */ = {
			isa = XCConfigurationList;
			buildConfigurations = (
				71B97BBA28FD6D28006AFD1F /* Debug */,
				71B97BBB28FD6D28006AFD1F /* Release */,
			);
			defaultConfigurationIsVisible = 0;
			defaultConfigurationName = Release;
		};
		71B97BBC28FD6D28006AFD1F /* Build configuration list for PBXNativeTarget "CNQuotesSwiftUI" */ = {
			isa = XCConfigurationList;
			buildConfigurations = (
				71B97BBD28FD6D28006AFD1F /* Debug */,
				71B97BBE28FD6D28006AFD1F /* Release */,
			);
			defaultConfigurationIsVisible = 0;
			defaultConfigurationName = Release;
		};
/* End XCConfigurationList section */

/* Begin XCRemoteSwiftPackageReference section */
		71B97BC328FD719F006AFD1F /* XCRemoteSwiftPackageReference "Alamofire" */ = {
			isa = XCRemoteSwiftPackageReference;
			repositoryURL = "https://github.com/Alamofire/Alamofire";
			requirement = {
				kind = upToNextMajorVersion;
				minimumVersion = 5.0.0;
			};
		};
/* End XCRemoteSwiftPackageReference section */

/* Begin XCSwiftPackageProductDependency section */
		71B97BC428FD719F006AFD1F /* Alamofire */ = {
			isa = XCSwiftPackageProductDependency;
			package = 71B97BC328FD719F006AFD1F /* XCRemoteSwiftPackageReference "Alamofire" */;
			productName = Alamofire;
		};
/* End XCSwiftPackageProductDependency section */
	};
	rootObject = 71B97BA628FD6D27006AFD1F /* Project object */;
}
